
Microsoft Visual Studio Solution File, Format Version 12.00
# Visual Studio 15
VisualStudioVersion = 15.0.27703.1
MinimumVisualStudioVersion = 10.0.40219.1
Project("{8BC9CEB8-8B4A-11D0-8D11-00A0C91BC942}") = "Chat", "Chat\Chat.vcxproj", "{94E38C17-EDF1-44DB-8F97-7DC88F842ECE}"
	ProjectSection(ProjectDependencies) = postProject
		{18A558AD-D0A2-4551-9DA1-D30FAF46B4F5} = {18A558AD-D0A2-4551-9DA1-D30FAF46B4F5}
	EndProjectSection
EndProject
Project("{8BC9CEB8-8B4A-11D0-8D11-00A0C91BC942}") = "Server", "..\UDP\Server\Server.vcxproj", "{18A558AD-D0A2-4551-9DA1-D30FAF46B4F5}"
EndProject
Project("{8BC9CEB8-8B4A-11D0-8D11-00A0C91BC942}") = "Client", "..\UDP\Client\Client.vcxproj", "{FE394787-C1FA-422D-AD9E-63853399D278}"
EndProject
Global
	GlobalSection(SolutionConfigurationPlatforms) = preSolution
		Debug|x64 = Debug|x64
		Debug|x86 = Debug|x86
		Release|x64 = Release|x64
		Release|x86 = Release|x86
	EndGlobalSection
	GlobalSection(ProjectConfigurationPlatforms) = postSolution
		{94E38C17-EDF1-44DB-8F97-7DC88F842ECE}.Debug|x64.ActiveCfg = Debug|x64
		{94E38C17-EDF1-44DB-8F97-7DC88F842ECE}.Debug|x64.Build.0 = Debug|x64
		{94E38C17-EDF1-44DB-8F97-7DC88F842ECE}.Debug|x86.ActiveCfg = Debug|Win32
		{94E38C17-EDF1-44DB-8F97-7DC88F842ECE}.Debug|x86.Build.0 = Debug|Win32
		{94E38C17-EDF1-44DB-8F97-7DC88F842ECE}.Release|x64.ActiveCfg = Release|x64
		{94E38C17-EDF1-44DB-8F97-7DC88F842ECE}.Release|x64.Build.0 = Release|x64
		{94E38C17-EDF1-44DB-8F97-7DC88F842ECE}.Release|x86.ActiveCfg = Release|Win32
		{94E38C17-EDF1-44DB-8F97-7DC88F842ECE}.Release|x86.Build.0 = Release|Win32
		{18A558AD-D0A2-4551-9DA1-D30FAF46B4F5}.Debug|x64.ActiveCfg = Debug|x64
		{18A558AD-D0A2-4551-9DA1-D30FAF46B4F5}.Debug|x64.Build.0 = Debug|x64
		{18A558AD-D0A2-4551-9DA1-D30FAF46B4F5}.Debug|x86.ActiveCfg = Debug|Win32
		{18A558AD-D0A2-4551-9DA1-D30FAF46B4F5}.Debug|x86.Build.0 = Debug|Win32
		{18A558AD-D0A2-4551-9DA1-D30FAF46B4F5}.Release|x64.ActiveCfg = Release|x64
		{18A558AD-D0A2-4551-9DA1-D30FAF46B4F5}.Release|x64.Build.0 = Release|x64
		{18A558AD-D0A2-4551-9DA1-D30FAF46B4F5}.Release|x86.ActiveCfg = Release|Win32
		{18A558AD-D0A2-4551-9DA1-D30FAF46B4F5}.Release|x86.Build.0 = Release|Win32
		{FE394787-C1FA-422D-AD9E-63853399D278}.Debug|x64.ActiveCfg = Debug|x64
		{FE394787-C1FA-422D-AD9E-63853399D278}.Debug|x64.Build.0 = Debug|x64
		{FE394787-C1FA-422D-AD9E-63853399D278}.Debug|x86.ActiveCfg = Debug|Win32
		{FE394787-C1FA-422D-AD9E-63853399D278}.Debug|x86.Build.0 = Debug|Win32
		{FE394787-C1FA-422D-AD9E-63853399D278}.Release|x64.ActiveCfg = Release|x64
		{FE394787-C1FA-422D-AD9E-63853399D278}.Release|x64.Build.0 = Release|x64
		{FE394787-C1FA-422D-AD9E-63853399D278}.Release|x86.ActiveCfg = Release|Win32
		{FE394787-C1FA-422D-AD9E-63853399D278}.Release|x86.Build.0 = Release|Win32
	EndGlobalSection
	GlobalSection(SolutionProperties) = preSolution
		HideSolutionNode = FALSE
	EndGlobalSection
	GlobalSection(ExtensibilityGlobals) = postSolution
		SolutionGuid = {7CC96856-EA9E-4E12-B114-5EF22C70D3CB}
	EndGlobalSection
EndGlobal
